
Microsoft Visual Studio Solution File, Format Version 12.00
# Visual Studio Version 16
VisualStudioVersion = 16.0.29709.97
MinimumVisualStudioVersion = 10.0.40219.1
Project("{FAE04EC0-301F-11D3-BF4B-00C04F79EFBC}") = "CommercialApp", "CommercialApp.csproj", "{F39709F1-4C5C-4436-ACA9-98DDD64B50FB}"
EndProject
Project("{FAE04EC0-301F-11D3-BF4B-00C04F79EFBC}") = "BussinessLayer", "..\BussinessLayer\BussinessLayer.csproj", "{D1615D4A-C1DD-4ED4-ADE4-977C8F5C7662}"
EndProject
Project("{FAE04EC0-301F-11D3-BF4B-00C04F79EFBC}") = "DataAccess", "..\DataAccess\DataAccess.csproj", "{01C3AA77-3AB2-45EF-844A-96AD7613FEB5}"
EndProject
Global
	GlobalSection(SolutionConfigurationPlatforms) = preSolution
		Debug|Any CPU = Debug|Any CPU
		Release|Any CPU = Release|Any CPU
	EndGlobalSection
	GlobalSection(ProjectConfigurationPlatforms) = postSolution
		{F39709F1-4C5C-4436-ACA9-98DDD64B50FB}.Debug|Any CPU.ActiveCfg = Debug|Any CPU
		{F39709F1-4C5C-4436-ACA9-98DDD64B50FB}.Debug|Any CPU.Build.0 = Debug|Any CPU
		{F39709F1-4C5C-4436-ACA9-98DDD64B50FB}.Release|Any CPU.ActiveCfg = Release|Any CPU
		{F39709F1-4C5C-4436-ACA9-98DDD64B50FB}.Release|Any CPU.Build.0 = Release|Any CPU
		{D1615D4A-C1DD-4ED4-ADE4-977C8F5C7662}.Debug|Any CPU.ActiveCfg = Debug|Any CPU
		{D1615D4A-C1DD-4ED4-ADE4-977C8F5C7662}.Debug|Any CPU.Build.0 = Debug|Any CPU
		{D1615D4A-C1DD-4ED4-ADE4-977C8F5C7662}.Release|Any CPU.ActiveCfg = Release|Any CPU
		{D1615D4A-C1DD-4ED4-ADE4-977C8F5C7662}.Release|Any CPU.Build.0 = Release|Any CPU
		{01C3AA77-3AB2-45EF-844A-96AD7613FEB5}.Debug|Any CPU.ActiveCfg = Debug|Any CPU
		{01C3AA77-3AB2-45EF-844A-96AD7613FEB5}.Debug|Any CPU.Build.0 = Debug|Any CPU
		{01C3AA77-3AB2-45EF-844A-96AD7613FEB5}.Release|Any CPU.ActiveCfg = Release|Any CPU
		{01C3AA77-3AB2-45EF-844A-96AD7613FEB5}.Release|Any CPU.Build.0 = Release|Any CPU
	EndGlobalSection
	GlobalSection(SolutionProperties) = preSolution
		HideSolutionNode = FALSE
	EndGlobalSection
	GlobalSection(ExtensibilityGlobals) = postSolution
		SolutionGuid = {803687CE-E487-4210-BE67-0B0629041BA8}
	EndGlobalSection
EndGlobal
